// !$*UTF8*$!
{
	archiveVersion = 1;
	classes = {
	};
	objectVersion = 56;
	objects = {

/* Begin PBXBuildFile section */
		47BEDCFA28ADE15900168D21 /* UI_648App.swift in Sources */ = {isa = PBXBuildFile; fileRef = 47BEDCF928ADE15900168D21 /* UI_648App.swift */; };
		47BEDCFC28ADE15900168D21 /* ContentView.swift in Sources */ = {isa = PBXBuildFile; fileRef = 47BEDCFB28ADE15900168D21 /* ContentView.swift */; };
		47BEDCFE28ADE15A00168D21 /* Assets.xcassets in Resources */ = {isa = PBXBuildFile; fileRef = 47BEDCFD28ADE15A00168D21 /* Assets.xcassets */; };
		47BEDD0128ADE15A00168D21 /* Preview Assets.xcassets in Resources */ = {isa = PBXBuildFile; fileRef = 47BEDD0028ADE15A00168D21 /* Preview Assets.xcassets */; };
		47BEDD0B28ADE15A00168D21 /* UI_648Tests.swift in Sources */ = {isa = PBXBuildFile; fileRef = 47BEDD0A28ADE15A00168D21 /* UI_648Tests.swift */; };
		47BEDD1528ADE15A00168D21 /* UI_648UITests.swift in Sources */ = {isa = PBXBuildFile; fileRef = 47BEDD1428ADE15A00168D21 /* UI_648UITests.swift */; };
		47BEDD1728ADE15A00168D21 /* UI_648UITestsLaunchTests.swift in Sources */ = {isa = PBXBuildFile; fileRef = 47BEDD1628ADE15A00168D21 /* UI_648UITestsLaunchTests.swift */; };
		47BEDD2528ADE16600168D21 /* Home.swift in Sources */ = {isa = PBXBuildFile; fileRef = 47BEDD2428ADE16600168D21 /* Home.swift */; };
		47BEDD2828ADE17F00168D21 /* LockScreenViewModel.swift in Sources */ = {isa = PBXBuildFile; fileRef = 47BEDD2728ADE17F00168D21 /* LockScreenViewModel.swift */; };
		47BEDD2B28ADE1A200168D21 /* SDWebImageSwiftUI in Frameworks */ = {isa = PBXBuildFile; productRef = 47BEDD2A28ADE1A200168D21 /* SDWebImageSwiftUI */; };
/* End PBXBuildFile section */

/* Begin PBXContainerItemProxy section */
		47BEDD0728ADE15A00168D21 /* PBXContainerItemProxy */ = {
			isa = PBXContainerItemProxy;
			containerPortal = 47BEDCEE28ADE15900168D21 /* Project object */;
			proxyType = 1;
			remoteGlobalIDString = 47BEDCF528ADE15900168D21;
			remoteInfo = "UI-648";
		};
		47BEDD1128ADE15A00168D21 /* PBXContainerItemProxy */ = {
			isa = PBXContainerItemProxy;
			containerPortal = 47BEDCEE28ADE15900168D21 /* Project object */;
			proxyType = 1;
			remoteGlobalIDString = 47BEDCF528ADE15900168D21;
			remoteInfo = "UI-648";
		};
/* End PBXContainerItemProxy section */

/* Begin PBXFileReference section */
		47BEDCF628ADE15900168D21 /* UI-648.app */ = {isa = PBXFileReference; explicitFileType = wrapper.application; includeInIndex = 0; path = "UI-648.app"; sourceTree = BUILT_PRODUCTS_DIR; };
		47BEDCF928ADE15900168D21 /* UI_648App.swift */ = {isa = PBXFileReference; lastKnownFileType = sourcecode.swift; path = UI_648App.swift; sourceTree = "<group>"; };
		47BEDCFB28ADE15900168D21 /* ContentView.swift */ = {isa = PBXFileReference; lastKnownFileType = sourcecode.swift; path = ContentView.swift; sourceTree = "<group>"; };
		47BEDCFD28ADE15A00168D21 /* Assets.xcassets */ = {isa = PBXFileReference; lastKnownFileType = folder.assetcatalog; path = Assets.xcassets; sourceTree = "<group>"; };
		47BEDD0028ADE15A00168D21 /* Preview Assets.xcassets */ = {isa = PBXFileReference; lastKnownFileType = folder.assetcatalog; path = "Preview Assets.xcassets"; sourceTree = "<group>"; };
		47BEDD0628ADE15A00168D21 /* UI-648Tests.xctest */ = {isa = PBXFileReference; explicitFileType = wrapper.cfbundle; includeInIndex = 0; path = "UI-648Tests.xctest"; sourceTree = BUILT_PRODUCTS_DIR; };
		47BEDD0A28ADE15A00168D21 /* UI_648Tests.swift */ = {isa = PBXFileReference; lastKnownFileType = sourcecode.swift; path = UI_648Tests.swift; sourceTree = "<group>"; };
		47BEDD1028ADE15A00168D21 /* UI-648UITests.xctest */ = {isa = PBXFileReference; explicitFileType = wrapper.cfbundle; includeInIndex = 0; path = "UI-648UITests.xctest"; sourceTree = BUILT_PRODUCTS_DIR; };
		47BEDD1428ADE15A00168D21 /* UI_648UITests.swift */ = {isa = PBXFileReference; lastKnownFileType = sourcecode.swift; path = UI_648UITests.swift; sourceTree = "<group>"; };
		47BEDD1628ADE15A00168D21 /* UI_648UITestsLaunchTests.swift */ = {isa = PBXFileReference; lastKnownFileType = sourcecode.swift; path = UI_648UITestsLaunchTests.swift; sourceTree = "<group>"; };
		47BEDD2428ADE16600168D21 /* Home.swift */ = {isa = PBXFileReference; lastKnownFileType = sourcecode.swift; path = Home.swift; sourceTree = "<group>"; };
		47BEDD2728ADE17F00168D21 /* LockScreenViewModel.swift */ = {isa = PBXFileReference; lastKnownFileType = sourcecode.swift; path = LockScreenViewModel.swift; sourceTree = "<group>"; };
/* End PBXFileReference section */

/* Begin PBXFrameworksBuildPhase section */
		47BEDCF328ADE15900168D21 /* Frameworks */ = {
			isa = PBXFrameworksBuildPhase;
			buildActionMask = 2147483647;
			files = (
				47BEDD2B28ADE1A200168D21 /* SDWebImageSwiftUI in Frameworks */,
			);
			runOnlyForDeploymentPostprocessing = 0;
		};
		47BEDD0328ADE15A00168D21 /* Frameworks */ = {
			isa = PBXFrameworksBuildPhase;
			buildActionMask = 2147483647;
			files = (
			);
			runOnlyForDeploymentPostprocessing = 0;
		};
		47BEDD0D28ADE15A00168D21 /* Frameworks */ = {
			isa = PBXFrameworksBuildPhase;
			buildActionMask = 2147483647;
			files = (
			);
			runOnlyForDeploymentPostprocessing = 0;
		};
/* End PBXFrameworksBuildPhase section */

/* Begin PBXGroup section */
		47BEDCED28ADE15900168D21 = {
			isa = PBXGroup;
			children = (
				47BEDCF828ADE15900168D21 /* UI-648 */,
				47BEDD0928ADE15A00168D21 /* UI-648Tests */,
				47BEDD1328ADE15A00168D21 /* UI-648UITests */,
				47BEDCF728ADE15900168D21 /* Products */,
			);
			sourceTree = "<group>";
		};
		47BEDCF728ADE15900168D21 /* Products */ = {
			isa = PBXGroup;
			children = (
				47BEDCF628ADE15900168D21 /* UI-648.app */,
				47BEDD0628ADE15A00168D21 /* UI-648Tests.xctest */,
				47BEDD1028ADE15A00168D21 /* UI-648UITests.xctest */,
			);
			name = Products;
			sourceTree = "<group>";
		};
		47BEDCF828ADE15900168D21 /* UI-648 */ = {
			isa = PBXGroup;
			children = (
				47BEDD2628ADE16E00168D21 /* ViewModel */,
				47BEDD2328ADE16200168D21 /* View */,
				47BEDCF928ADE15900168D21 /* UI_648App.swift */,
				47BEDCFB28ADE15900168D21 /* ContentView.swift */,
				47BEDCFD28ADE15A00168D21 /* Assets.xcassets */,
				47BEDCFF28ADE15A00168D21 /* Preview Content */,
			);
			path = "UI-648";
			sourceTree = "<group>";
		};
		47BEDCFF28ADE15A00168D21 /* Preview Content */ = {
			isa = PBXGroup;
			children = (
				47BEDD0028ADE15A00168D21 /* Preview Assets.xcassets */,
			);
			path = "Preview Content";
			sourceTree = "<group>";
		};
		47BEDD0928ADE15A00168D21 /* UI-648Tests */ = {
			isa = PBXGroup;
			children = (
				47BEDD0A28ADE15A00168D21 /* UI_648Tests.swift */,
			);
			path = "UI-648Tests";
			sourceTree = "<group>";
		};
		47BEDD1328ADE15A00168D21 /* UI-648UITests */ = {
			isa = PBXGroup;
			children = (
				47BEDD1428ADE15A00168D21 /* UI_648UITests.swift */,
				47BEDD1628ADE15A00168D21 /* UI_648UITestsLaunchTests.swift */,
			);
			path = "UI-648UITests";
			sourceTree = "<group>";
		};
		47BEDD2328ADE16200168D21 /* View */ = {
			isa = PBXGroup;
			children = (
				47BEDD2428ADE16600168D21 /* Home.swift */,
			);
			path = View;
			sourceTree = "<group>";
		};
		47BEDD2628ADE16E00168D21 /* ViewModel */ = {
			isa = PBXGroup;
			children = (
				47BEDD2728ADE17F00168D21 /* LockScreenViewModel.swift */,
			);
			path = ViewModel;
			sourceTree = "<group>";
		};
/* End PBXGroup section */

/* Begin PBXNativeTarget section */
		47BEDCF528ADE15900168D21 /* UI-648 */ = {
			isa = PBXNativeTarget;
			buildConfigurationList = 47BEDD1A28ADE15A00168D21 /* Build configuration list for PBXNativeTarget "UI-648" */;
			buildPhases = (
				47BEDCF228ADE15900168D21 /* Sources */,
				47BEDCF328ADE15900168D21 /* Frameworks */,
				47BEDCF428ADE15900168D21 /* Resources */,
			);
			buildRules = (
			);
			dependencies = (
			);
			name = "UI-648";
			packageProductDependencies = (
				47BEDD2A28ADE1A200168D21 /* SDWebImageSwiftUI */,
			);
			productName = "UI-648";
			productReference = 47BEDCF628ADE15900168D21 /* UI-648.app */;
			productType = "com.apple.product-type.application";
		};
		47BEDD0528ADE15A00168D21 /* UI-648Tests */ = {
			isa = PBXNativeTarget;
			buildConfigurationList = 47BEDD1D28ADE15A00168D21 /* Build configuration list for PBXNativeTarget "UI-648Tests" */;
			buildPhases = (
				47BEDD0228ADE15A00168D21 /* Sources */,
				47BEDD0328ADE15A00168D21 /* Frameworks */,
				47BEDD0428ADE15A00168D21 /* Resources */,
			);
			buildRules = (
			);
			dependencies = (
				47BEDD0828ADE15A00168D21 /* PBXTargetDependency */,
			);
			name = "UI-648Tests";
			productName = "UI-648Tests";
			productReference = 47BEDD0628ADE15A00168D21 /* UI-648Tests.xctest */;
			productType = "com.apple.product-type.bundle.unit-test";
		};
		47BEDD0F28ADE15A00168D21 /* UI-648UITests */ = {
			isa = PBXNativeTarget;
			buildConfigurationList = 47BEDD2028ADE15A00168D21 /* Build configuration list for PBXNativeTarget "UI-648UITests" */;
			buildPhases = (
				47BEDD0C28ADE15A00168D21 /* Sources */,
				47BEDD0D28ADE15A00168D21 /* Frameworks */,
				47BEDD0E28ADE15A00168D21 /* Resources */,
			);
			buildRules = (
			);
			dependencies = (
				47BEDD1228ADE15A00168D21 /* PBXTargetDependency */,
			);
			name = "UI-648UITests";
			productName = "UI-648UITests";
			productReference = 47BEDD1028ADE15A00168D21 /* UI-648UITests.xctest */;
			productType = "com.apple.product-type.bundle.ui-testing";
		};
/* End PBXNativeTarget section */

/* Begin PBXProject section */
		47BEDCEE28ADE15900168D21 /* Project object */ = {
			isa = PBXProject;
			attributes = {
				BuildIndependentTargetsInParallel = 1;
				LastSwiftUpdateCheck = 1400;
				LastUpgradeCheck = 1400;
				TargetAttributes = {
					47BEDCF528ADE15900168D21 = {
						CreatedOnToolsVersion = 14.0;
					};
					47BEDD0528ADE15A00168D21 = {
						CreatedOnToolsVersion = 14.0;
						TestTargetID = 47BEDCF528ADE15900168D21;
					};
					47BEDD0F28ADE15A00168D21 = {
						CreatedOnToolsVersion = 14.0;
						TestTargetID = 47BEDCF528ADE15900168D21;
					};
				};
			};
			buildConfigurationList = 47BEDCF128ADE15900168D21 /* Build configuration list for PBXProject "UI-648" */;
			compatibilityVersion = "Xcode 14.0";
			developmentRegion = en;
			hasScannedForEncodings = 0;
			knownRegions = (
				en,
				Base,
			);
			mainGroup = 47BEDCED28ADE15900168D21;
			packageReferences = (
				47BEDD2928ADE1A200168D21 /* XCRemoteSwiftPackageReference "SDWebImageSwiftUI" */,
			);
			productRefGroup = 47BEDCF728ADE15900168D21 /* Products */;
			projectDirPath = "";
			projectRoot = "";
			targets = (
				47BEDCF528ADE15900168D21 /* UI-648 */,
				47BEDD0528ADE15A00168D21 /* UI-648Tests */,
				47BEDD0F28ADE15A00168D21 /* UI-648UITests */,
			);
		};
/* End PBXProject section */

/* Begin PBXResourcesBuildPhase section */
		47BEDCF428ADE15900168D21 /* Resources */ = {
			isa = PBXResourcesBuildPhase;
			buildActionMask = 2147483647;
			files = (
				47BEDD0128ADE15A00168D21 /* Preview Assets.xcassets in Resources */,
				47BEDCFE28ADE15A00168D21 /* Assets.xcassets in Resources */,
			);
			runOnlyForDeploymentPostprocessing = 0;
		};
		47BEDD0428ADE15A00168D21 /* Resources */ = {
			isa = PBXResourcesBuildPhase;
			buildActionMask = 2147483647;
			files = (
			);
			runOnlyForDeploymentPostprocessing = 0;
		};
		47BEDD0E28ADE15A00168D21 /* Resources */ = {
			isa = PBXResourcesBuildPhase;
			buildActionMask = 2147483647;
			files = (
			);
			runOnlyForDeploymentPostprocessing = 0;
		};
/* End PBXResourcesBuildPhase section */

/* Begin PBXSourcesBuildPhase section */
		47BEDCF228ADE15900168D21 /* Sources */ = {
			isa = PBXSourcesBuildPhase;
			buildActionMask = 2147483647;
			files = (
				47BEDCFC28ADE15900168D21 /* ContentView.swift in Sources */,
				47BEDD2828ADE17F00168D21 /* LockScreenViewModel.swift in Sources */,
				47BEDD2528ADE16600168D21 /* Home.swift in Sources */,
				47BEDCFA28ADE15900168D21 /* UI_648App.swift in Sources */,
			);
			runOnlyForDeploymentPostprocessing = 0;
		};
		47BEDD0228ADE15A00168D21 /* Sources */ = {
			isa = PBXSourcesBuildPhase;
			buildActionMask = 2147483647;
			files = (
				47BEDD0B28ADE15A00168D21 /* UI_648Tests.swift in Sources */,
			);
			runOnlyForDeploymentPostprocessing = 0;
		};
		47BEDD0C28ADE15A00168D21 /* Sources */ = {
			isa = PBXSourcesBuildPhase;
			buildActionMask = 2147483647;
			files = (
				47BEDD1528ADE15A00168D21 /* UI_648UITests.swift in Sources */,
				47BEDD1728ADE15A00168D21 /* UI_648UITestsLaunchTests.swift in Sources */,
			);
			runOnlyForDeploymentPostprocessing = 0;
		};
/* End PBXSourcesBuildPhase section */

/* Begin PBXTargetDependency section */
		47BEDD0828ADE15A00168D21 /* PBXTargetDependency */ = {
			isa = PBXTargetDependency;
			target = 47BEDCF528ADE15900168D21 /* UI-648 */;
			targetProxy = 47BEDD0728ADE15A00168D21 /* PBXContainerItemProxy */;
		};
		47BEDD1228ADE15A00168D21 /* PBXTargetDependency */ = {
			isa = PBXTargetDependency;
			target = 47BEDCF528ADE15900168D21 /* UI-648 */;
			targetProxy = 47BEDD1128ADE15A00168D21 /* PBXContainerItemProxy */;
		};
/* End PBXTargetDependency section */

/* Begin XCBuildConfiguration section */
		47BEDD1828ADE15A00168D21 /* Debug */ = {
			isa = XCBuildConfiguration;
			buildSettings = {
				ALWAYS_SEARCH_USER_PATHS = NO;
				CLANG_ANALYZER_NONNULL = YES;
				CLANG_ANALYZER_NUMBER_OBJECT_CONVERSION = YES_AGGRESSIVE;
				CLANG_CXX_LANGUAGE_STANDARD = "gnu++20";
				CLANG_ENABLE_MODULES = YES;
				CLANG_ENABLE_OBJC_ARC = YES;
				CLANG_ENABLE_OBJC_WEAK = YES;
				CLANG_WARN_BLOCK_CAPTURE_AUTORELEASING = YES;
				CLANG_WARN_BOOL_CONVERSION = YES;
				CLANG_WARN_COMMA = YES;
				CLANG_WARN_CONSTANT_CONVERSION = YES;
				CLANG_WARN_DEPRECATED_OBJC_IMPLEMENTATIONS = YES;
				CLANG_WARN_DIRECT_OBJC_ISA_USAGE = YES_ERROR;
				CLANG_WARN_DOCUMENTATION_COMMENTS = YES;
				CLANG_WARN_EMPTY_BODY = YES;
				CLANG_WARN_ENUM_CONVERSION = YES;
				CLANG_WARN_INFINITE_RECURSION = YES;
				CLANG_WARN_INT_CONVERSION = YES;
				CLANG_WARN_NON_LITERAL_NULL_CONVERSION = YES;
				CLANG_WARN_OBJC_IMPLICIT_RETAIN_SELF = YES;
				CLANG_WARN_OBJC_LITERAL_CONVERSION = YES;
				CLANG_WARN_OBJC_ROOT_CLASS = YES_ERROR;
				CLANG_WARN_QUOTED_INCLUDE_IN_FRAMEWORK_HEADER = YES;
				CLANG_WARN_RANGE_LOOP_ANALYSIS = YES;
				CLANG_WARN_STRICT_PROTOTYPES = YES;
				CLANG_WARN_SUSPICIOUS_MOVE = YES;
				CLANG_WARN_UNGUARDED_AVAILABILITY = YES_AGGRESSIVE;
				CLANG_WARN_UNREACHABLE_CODE = YES;
				CLANG_WARN__DUPLICATE_METHOD_MATCH = YES;
				COPY_PHASE_STRIP = NO;
				DEBUG_INFORMATION_FORMAT = dwarf;
				ENABLE_STRICT_OBJC_MSGSEND = YES;
				ENABLE_TESTABILITY = YES;
				GCC_C_LANGUAGE_STANDARD = gnu11;
				GCC_DYNAMIC_NO_PIC = NO;
				GCC_NO_COMMON_BLOCKS = YES;
				GCC_OPTIMIZATION_LEVEL = 0;
				GCC_PREPROCESSOR_DEFINITIONS = (
					"DEBUG=1",
					"$(inherited)",
				);
				GCC_WARN_64_TO_32_BIT_CONVERSION = YES;
				GCC_WARN_ABOUT_RETURN_TYPE = YES_ERROR;
				GCC_WARN_UNDECLARED_SELECTOR = YES;
				GCC_WARN_UNINITIALIZED_AUTOS = YES_AGGRESSIVE;
				GCC_WARN_UNUSED_FUNCTION = YES;
				GCC_WARN_UNUSED_VARIABLE = YES;
				IPHONEOS_DEPLOYMENT_TARGET = 16.0;
				MTL_ENABLE_DEBUG_INFO = INCLUDE_SOURCE;
				MTL_FAST_MATH = YES;
				ONLY_ACTIVE_ARCH = YES;
				SDKROOT = iphoneos;
				SWIFT_ACTIVE_COMPILATION_CONDITIONS = DEBUG;
				SWIFT_OPTIMIZATION_LEVEL = "-Onone";
			};
			name = Debug;
		};
		47BEDD1928ADE15A00168D21 /* Release */ = {
			isa = XCBuildConfiguration;
			buildSettings = {
				ALWAYS_SEARCH_USER_PATHS = NO;
				CLANG_ANALYZER_NONNULL = YES;
				CLANG_ANALYZER_NUMBER_OBJECT_CONVERSION = YES_AGGRESSIVE;
				CLANG_CXX_LANGUAGE_STANDARD = "gnu++20";
				CLANG_ENABLE_MODULES = YES;
				CLANG_ENABLE_OBJC_ARC = YES;
				CLANG_ENABLE_OBJC_WEAK = YES;
				CLANG_WARN_BLOCK_CAPTURE_AUTORELEASING = YES;
				CLANG_WARN_BOOL_CONVERSION = YES;
				CLANG_WARN_COMMA = YES;
				CLANG_WARN_CONSTANT_CONVERSION = YES;
				CLANG_WARN_DEPRECATED_OBJC_IMPLEMENTATIONS = YES;
				CLANG_WARN_DIRECT_OBJC_ISA_USAGE = YES_ERROR;
				CLANG_WARN_DOCUMENTATION_COMMENTS = YES;
				CLANG_WARN_EMPTY_BODY = YES;
				CLANG_WARN_ENUM_CONVERSION = YES;
				CLANG_WARN_INFINITE_RECURSION = YES;
				CLANG_WARN_INT_CONVERSION = YES;
				CLANG_WARN_NON_LITERAL_NULL_CONVERSION = YES;
				CLANG_WARN_OBJC_IMPLICIT_RETAIN_SELF = YES;
				CLANG_WARN_OBJC_LITERAL_CONVERSION = YES;
				CLANG_WARN_OBJC_ROOT_CLASS = YES_ERROR;
				CLANG_WARN_QUOTED_INCLUDE_IN_FRAMEWORK_HEADER = YES;
				CLANG_WARN_RANGE_LOOP_ANALYSIS = YES;
				CLANG_WARN_STRICT_PROTOTYPES = YES;
				CLANG_WARN_SUSPICIOUS_MOVE = YES;
				CLANG_WARN_UNGUARDED_AVAILABILITY = YES_AGGRESSIVE;
				CLANG_WARN_UNREACHABLE_CODE = YES;
				CLANG_WARN__DUPLICATE_METHOD_MATCH = YES;
				COPY_PHASE_STRIP = NO;
				DEBUG_INFORMATION_FORMAT = "dwarf-with-dsym";
				ENABLE_NS_ASSERTIONS = NO;
				ENABLE_STRICT_OBJC_MSGSEND = YES;
				GCC_C_LANGUAGE_STANDARD = gnu11;
				GCC_NO_COMMON_BLOCKS = YES;
				GCC_WARN_64_TO_32_BIT_CONVERSION = YES;
				GCC_WARN_ABOUT_RETURN_TYPE = YES_ERROR;
				GCC_WARN_UNDECLARED_SELECTOR = YES;
				GCC_WARN_UNINITIALIZED_AUTOS = YES_AGGRESSIVE;
				GCC_WARN_UNUSED_FUNCTION = YES;
				GCC_WARN_UNUSED_VARIABLE = YES;
				IPHONEOS_DEPLOYMENT_TARGET = 16.0;
				MTL_ENABLE_DEBUG_INFO = NO;
				MTL_FAST_MATH = YES;
				SDKROOT = iphoneos;
				SWIFT_COMPILATION_MODE = wholemodule;
				SWIFT_OPTIMIZATION_LEVEL = "-O";
				VALIDATE_PRODUCT = YES;
			};
			name = Release;
		};
		47BEDD1B28ADE15A00168D21 /* Debug */ = {
			isa = XCBuildConfiguration;
			buildSettings = {
				ASSETCATALOG_COMPILER_APPICON_NAME = AppIcon;
				ASSETCATALOG_COMPILER_GLOBAL_ACCENT_COLOR_NAME = AccentColor;
				CODE_SIGN_STYLE = Automatic;
				CURRENT_PROJECT_VERSION = 1;
				DEVELOPMENT_ASSET_PATHS = "\"UI-648/Preview Content\"";
				DEVELOPMENT_TEAM = 8CL4U468K5;
				ENABLE_PREVIEWS = YES;
				GENERATE_INFOPLIST_FILE = YES;
				INFOPLIST_KEY_UIApplicationSceneManifest_Generation = YES;
				INFOPLIST_KEY_UIApplicationSupportsIndirectInputEvents = YES;
				INFOPLIST_KEY_UILaunchScreen_Generation = YES;
				INFOPLIST_KEY_UISupportedInterfaceOrientations_iPad = "UIInterfaceOrientationPortrait UIInterfaceOrientationPortraitUpsideDown UIInterfaceOrientationLandscapeLeft UIInterfaceOrientationLandscapeRight";
				INFOPLIST_KEY_UISupportedInterfaceOrientations_iPhone = "UIInterfaceOrientationPortrait UIInterfaceOrientationLandscapeLeft UIInterfaceOrientationLandscapeRight";
				LD_RUNPATH_SEARCH_PATHS = (
					"$(inherited)",
					"@executable_path/Frameworks",
				);
				MARKETING_VERSION = 1.0;
				PRODUCT_BUNDLE_IDENTIFIER = "com.585.UI-648";
				PRODUCT_NAME = "$(TARGET_NAME)";
				SWIFT_EMIT_LOC_STRINGS = YES;
				SWIFT_VERSION = 5.0;
				TARGETED_DEVICE_FAMILY = "1,2";
			};
			name = Debug;
		};
		47BEDD1C28ADE15A00168D21 /* Release */ = {
			isa = XCBuildConfiguration;
			buildSettings = {
				ASSETCATALOG_COMPILER_APPICON_NAME = AppIcon;
				ASSETCATALOG_COMPILER_GLOBAL_ACCENT_COLOR_NAME = AccentColor;
				CODE_SIGN_STYLE = Automatic;
				CURRENT_PROJECT_VERSION = 1;
				DEVELOPMENT_ASSET_PATHS = "\"UI-648/Preview Content\"";
				DEVELOPMENT_TEAM = 8CL4U468K5;
				ENABLE_PREVIEWS = YES;
				GENERATE_INFOPLIST_FILE = YES;
				INFOPLIST_KEY_UIApplicationSceneManifest_Generation = YES;
				INFOPLIST_KEY_UIApplicationSupportsIndirectInputEvents = YES;
				INFOPLIST_KEY_UILaunchScreen_Generation = YES;
				INFOPLIST_KEY_UISupportedInterfaceOrientations_iPad = "UIInterfaceOrientationPortrait UIInterfaceOrientationPortraitUpsideDown UIInterfaceOrientationLandscapeLeft UIInterfaceOrientationLandscapeRight";
				INFOPLIST_KEY_UISupportedInterfaceOrientations_iPhone = "UIInterfaceOrientationPortrait UIInterfaceOrientationLandscapeLeft UIInterfaceOrientationLandscapeRight";
				LD_RUNPATH_SEARCH_PATHS = (
					"$(inherited)",
					"@executable_path/Frameworks",
				);
				MARKETING_VERSION = 1.0;
				PRODUCT_BUNDLE_IDENTIFIER = "com.585.UI-648";
				PRODUCT_NAME = "$(TARGET_NAME)";
				SWIFT_EMIT_LOC_STRINGS = YES;
				SWIFT_VERSION = 5.0;
				TARGETED_DEVICE_FAMILY = "1,2";
			};
			name = Release;
		};
		47BEDD1E28ADE15A00168D21 /* Debug */ = {
			isa = XCBuildConfiguration;
			buildSettings = {
				ALWAYS_EMBED_SWIFT_STANDARD_LIBRARIES = YES;
				BUNDLE_LOADER = "$(TEST_HOST)";
				CODE_SIGN_STYLE = Automatic;
				CURRENT_PROJECT_VERSION = 1;
				DEVELOPMENT_TEAM = 8CL4U468K5;
				GENERATE_INFOPLIST_FILE = YES;
				IPHONEOS_DEPLOYMENT_TARGET = 16.0;
				MARKETING_VERSION = 1.0;
				PRODUCT_BUNDLE_IDENTIFIER = "com.585.UI-648Tests";
				PRODUCT_NAME = "$(TARGET_NAME)";
				SWIFT_EMIT_LOC_STRINGS = NO;
				SWIFT_VERSION = 5.0;
				TARGETED_DEVICE_FAMILY = "1,2";
				TEST_HOST = "$(BUILT_PRODUCTS_DIR)/UI-648.app/$(BUNDLE_EXECUTABLE_FOLDER_PATH)/UI-648";
			};
			name = Debug;
		};
		47BEDD1F28ADE15A00168D21 /* Release */ = {
			isa = XCBuildConfiguration;
			buildSettings = {
				ALWAYS_EMBED_SWIFT_STANDARD_LIBRARIES = YES;
				BUNDLE_LOADER = "$(TEST_HOST)";
				CODE_SIGN_STYLE = Automatic;
				CURRENT_PROJECT_VERSION = 1;
				DEVELOPMENT_TEAM = 8CL4U468K5;
				GENERATE_INFOPLIST_FILE = YES;
				IPHONEOS_DEPLOYMENT_TARGET = 16.0;
				MARKETING_VERSION = 1.0;
				PRODUCT_BUNDLE_IDENTIFIER = "com.585.UI-648Tests";
				PRODUCT_NAME = "$(TARGET_NAME)";
				SWIFT_EMIT_LOC_STRINGS = NO;
				SWIFT_VERSION = 5.0;
				TARGETED_DEVICE_FAMILY = "1,2";
				TEST_HOST = "$(BUILT_PRODUCTS_DIR)/UI-648.app/$(BUNDLE_EXECUTABLE_FOLDER_PATH)/UI-648";
			};
			name = Release;
		};
		47BEDD2128ADE15A00168D21 /* Debug */ = {
			isa = XCBuildConfiguration;
			buildSettings = {
				ALWAYS_EMBED_SWIFT_STANDARD_LIBRARIES = YES;
				CODE_SIGN_STYLE = Automatic;
				CURRENT_PROJECT_VERSION = 1;
				DEVELOPMENT_TEAM = 8CL4U468K5;
				GENERATE_INFOPLIST_FILE = YES;
				MARKETING_VERSION = 1.0;
				PRODUCT_BUNDLE_IDENTIFIER = "com.585.UI-648UITests";
				PRODUCT_NAME = "$(TARGET_NAME)";
				SWIFT_EMIT_LOC_STRINGS = NO;
				SWIFT_VERSION = 5.0;
				TARGETED_DEVICE_FAMILY = "1,2";
				TEST_TARGET_NAME = "UI-648";
			};
			name = Debug;
		};
		47BEDD2228ADE15A00168D21 /* Release */ = {
			isa = XCBuildConfiguration;
			buildSettings = {
				ALWAYS_EMBED_SWIFT_STANDARD_LIBRARIES = YES;
				CODE_SIGN_STYLE = Automatic;
				CURRENT_PROJECT_VERSION = 1;
				DEVELOPMENT_TEAM = 8CL4U468K5;
				GENERATE_INFOPLIST_FILE = YES;
				MARKETING_VERSION = 1.0;
				PRODUCT_BUNDLE_IDENTIFIER = "com.585.UI-648UITests";
				PRODUCT_NAME = "$(TARGET_NAME)";
				SWIFT_EMIT_LOC_STRINGS = NO;
				SWIFT_VERSION = 5.0;
				TARGETED_DEVICE_FAMILY = "1,2";
				TEST_TARGET_NAME = "UI-648";
			};
			name = Release;
		};
/* End XCBuildConfiguration section */

/* Begin XCConfigurationList section */
		47BEDCF128ADE15900168D21 /* Build configuration list for PBXProject "UI-648" */ = {
			isa = XCConfigurationList;
			buildConfigurations = (
				47BEDD1828ADE15A00168D21 /* Debug */,
				47BEDD1928ADE15A00168D21 /* Release */,
			);
			defaultConfigurationIsVisible = 0;
			defaultConfigurationName = Release;
		};
		47BEDD1A28ADE15A00168D21 /* Build configuration list for PBXNativeTarget "UI-648" */ = {
			isa = XCConfigurationList;
			buildConfigurations = (
				47BEDD1B28ADE15A00168D21 /* Debug */,
				47BEDD1C28ADE15A00168D21 /* Release */,
			);
			defaultConfigurationIsVisible = 0;
			defaultConfigurationName = Release;
		};
		47BEDD1D28ADE15A00168D21 /* Build configuration list for PBXNativeTarget "UI-648Tests" */ = {
			isa = XCConfigurationList;
			buildConfigurations = (
				47BEDD1E28ADE15A00168D21 /* Debug */,
				47BEDD1F28ADE15A00168D21 /* Release */,
			);
			defaultConfigurationIsVisible = 0;
			defaultConfigurationName = Release;
		};
		47BEDD2028ADE15A00168D21 /* Build configuration list for PBXNativeTarget "UI-648UITests" */ = {
			isa = XCConfigurationList;
			buildConfigurations = (
				47BEDD2128ADE15A00168D21 /* Debug */,
				47BEDD2228ADE15A00168D21 /* Release */,
			);
			defaultConfigurationIsVisible = 0;
			defaultConfigurationName = Release;
		};
/* End XCConfigurationList section */

/* Begin XCRemoteSwiftPackageReference section */
		47BEDD2928ADE1A200168D21 /* XCRemoteSwiftPackageReference "SDWebImageSwiftUI" */ = {
			isa = XCRemoteSwiftPackageReference;
			repositoryURL = "https://github.com/SDWebImage/SDWebImageSwiftUI.git";
			requirement = {
				branch = master;
				kind = branch;
			};
		};
/* End XCRemoteSwiftPackageReference section */

/* Begin XCSwiftPackageProductDependency section */
		47BEDD2A28ADE1A200168D21 /* SDWebImageSwiftUI */ = {
			isa = XCSwiftPackageProductDependency;
			package = 47BEDD2928ADE1A200168D21 /* XCRemoteSwiftPackageReference "SDWebImageSwiftUI" */;
			productName = SDWebImageSwiftUI;
		};
/* End XCSwiftPackageProductDependency section */
	};
	rootObject = 47BEDCEE28ADE15900168D21 /* Project object */;
}
